
Microsoft Visual Studio Solution File, Format Version 12.00
# Visual Studio Version 17
VisualStudioVersion = 17.6.33723.286
MinimumVisualStudioVersion = 10.0.40219.1
Project("{FAE04EC0-301F-11D3-BF4B-00C04F79EFBC}") = "CRUD_STUDENT_2", "CRUD_STUDENT_2\CRUD_STUDENT_2.csproj", "{DF601349-E3AE-4CB6-86E8-1E7629EFC320}"
EndProject
Global
	GlobalSection(SolutionConfigurationPlatforms) = preSolution
		Debug|Any CPU = Debug|Any CPU
		Release|Any CPU = Release|Any CPU
	EndGlobalSection
	GlobalSection(ProjectConfigurationPlatforms) = postSolution
		{DF601349-E3AE-4CB6-86E8-1E7629EFC320}.Debug|Any CPU.ActiveCfg = Debug|Any CPU
		{DF601349-E3AE-4CB6-86E8-1E7629EFC320}.Debug|Any CPU.Build.0 = Debug|Any CPU
		{DF601349-E3AE-4CB6-86E8-1E7629EFC320}.Release|Any CPU.ActiveCfg = Release|Any CPU
		{DF601349-E3AE-4CB6-86E8-1E7629EFC320}.Release|Any CPU.Build.0 = Release|Any CPU
	EndGlobalSection
	GlobalSection(SolutionProperties) = preSolution
		HideSolutionNode = FALSE
	EndGlobalSection
EndGlobal
